// !$*UTF8*$!
{
	archiveVersion = 1;
	classes = {
	};
	objectVersion = 56;
	objects = {

/* Begin PBXBuildFile section */
		BC0633012ADED6C30046FE73 /* AppDelegate.swift in Sources */ = {isa = PBXBuildFile; fileRef = BC0633002ADED6C30046FE73 /* AppDelegate.swift */; };
		BC0633032ADED6C30046FE73 /* SceneDelegate.swift in Sources */ = {isa = PBXBuildFile; fileRef = BC0633022ADED6C30046FE73 /* SceneDelegate.swift */; };
		BC0633052ADED6C30046FE73 /* CountriesListViewController.swift in Sources */ = {isa = PBXBuildFile; fileRef = BC0633042ADED6C30046FE73 /* CountriesListViewController.swift */; };
		BC06330A2ADED6C40046FE73 /* Assets.xcassets in Resources */ = {isa = PBXBuildFile; fileRef = BC0633092ADED6C40046FE73 /* Assets.xcassets */; };
		BC06330D2ADED6C40046FE73 /* LaunchScreen.storyboard in Resources */ = {isa = PBXBuildFile; fileRef = BC06330B2ADED6C40046FE73 /* LaunchScreen.storyboard */; };
		BC0633162ADEDA2A0046FE73 /* Rubrique.swift in Sources */ = {isa = PBXBuildFile; fileRef = BC0633152ADEDA2A0046FE73 /* Rubrique.swift */; };
		BC0633192ADEDA3C0046FE73 /* CountriesListViewModel.swift in Sources */ = {isa = PBXBuildFile; fileRef = BC0633182ADEDA3C0046FE73 /* CountriesListViewModel.swift */; };
		BC0633202ADEF8D20046FE73 /* CountryCollectionCell.swift in Sources */ = {isa = PBXBuildFile; fileRef = BC06331F2ADEF8D20046FE73 /* CountryCollectionCell.swift */; };
/* End PBXBuildFile section */

/* Begin PBXFileReference section */
		BC0632FD2ADED6C30046FE73 /* CountriesCollectionExampleApp.app */ = {isa = PBXFileReference; explicitFileType = wrapper.application; includeInIndex = 0; path = CountriesCollectionExampleApp.app; sourceTree = BUILT_PRODUCTS_DIR; };
		BC0633002ADED6C30046FE73 /* AppDelegate.swift */ = {isa = PBXFileReference; lastKnownFileType = sourcecode.swift; path = AppDelegate.swift; sourceTree = "<group>"; };
		BC0633022ADED6C30046FE73 /* SceneDelegate.swift */ = {isa = PBXFileReference; lastKnownFileType = sourcecode.swift; path = SceneDelegate.swift; sourceTree = "<group>"; };
		BC0633042ADED6C30046FE73 /* CountriesListViewController.swift */ = {isa = PBXFileReference; lastKnownFileType = sourcecode.swift; path = CountriesListViewController.swift; sourceTree = "<group>"; };
		BC0633092ADED6C40046FE73 /* Assets.xcassets */ = {isa = PBXFileReference; lastKnownFileType = folder.assetcatalog; path = Assets.xcassets; sourceTree = "<group>"; };
		BC06330C2ADED6C40046FE73 /* Base */ = {isa = PBXFileReference; lastKnownFileType = file.storyboard; name = Base; path = Base.lproj/LaunchScreen.storyboard; sourceTree = "<group>"; };
		BC06330E2ADED6C40046FE73 /* Info.plist */ = {isa = PBXFileReference; lastKnownFileType = text.plist.xml; path = Info.plist; sourceTree = "<group>"; };
		BC0633152ADEDA2A0046FE73 /* Rubrique.swift */ = {isa = PBXFileReference; lastKnownFileType = sourcecode.swift; path = Rubrique.swift; sourceTree = "<group>"; };
		BC0633182ADEDA3C0046FE73 /* CountriesListViewModel.swift */ = {isa = PBXFileReference; lastKnownFileType = sourcecode.swift; path = CountriesListViewModel.swift; sourceTree = "<group>"; };
		BC06331F2ADEF8D20046FE73 /* CountryCollectionCell.swift */ = {isa = PBXFileReference; lastKnownFileType = sourcecode.swift; path = CountryCollectionCell.swift; sourceTree = "<group>"; };
/* End PBXFileReference section */

/* Begin PBXFrameworksBuildPhase section */
		BC0632FA2ADED6C30046FE73 /* Frameworks */ = {
			isa = PBXFrameworksBuildPhase;
			buildActionMask = 2147483647;
			files = (
			);
			runOnlyForDeploymentPostprocessing = 0;
		};
/* End PBXFrameworksBuildPhase section */

/* Begin PBXGroup section */
		BC0632F42ADED6C30046FE73 = {
			isa = PBXGroup;
			children = (
				BC0632FF2ADED6C30046FE73 /* CountriesCollectionExampleApp */,
				BC0632FE2ADED6C30046FE73 /* Products */,
			);
			sourceTree = "<group>";
		};
		BC0632FE2ADED6C30046FE73 /* Products */ = {
			isa = PBXGroup;
			children = (
				BC0632FD2ADED6C30046FE73 /* CountriesCollectionExampleApp.app */,
			);
			name = Products;
			sourceTree = "<group>";
		};
		BC0632FF2ADED6C30046FE73 /* CountriesCollectionExampleApp */ = {
			isa = PBXGroup;
			children = (
				BC06330E2ADED6C40046FE73 /* Info.plist */,
				BC06331A2ADEE2AF0046FE73 /* Resources */,
				BC0633172ADEDA340046FE73 /* Views */,
				BC0633142ADEDA200046FE73 /* Models */,
			);
			path = CountriesCollectionExampleApp;
			sourceTree = "<group>";
		};
		BC0633142ADEDA200046FE73 /* Models */ = {
			isa = PBXGroup;
			children = (
				BC0633152ADEDA2A0046FE73 /* Rubrique.swift */,
			);
			path = Models;
			sourceTree = "<group>";
		};
		BC0633172ADEDA340046FE73 /* Views */ = {
			isa = PBXGroup;
			children = (
				BC06331E2ADEF8CC0046FE73 /* Cells */,
				BC0633042ADED6C30046FE73 /* CountriesListViewController.swift */,
				BC0633182ADEDA3C0046FE73 /* CountriesListViewModel.swift */,
			);
			path = Views;
			sourceTree = "<group>";
		};
		BC06331A2ADEE2AF0046FE73 /* Resources */ = {
			isa = PBXGroup;
			children = (
				BC0633002ADED6C30046FE73 /* AppDelegate.swift */,
				BC0633022ADED6C30046FE73 /* SceneDelegate.swift */,
				BC0633092ADED6C40046FE73 /* Assets.xcassets */,
				BC06330B2ADED6C40046FE73 /* LaunchScreen.storyboard */,
			);
			path = Resources;
			sourceTree = "<group>";
		};
		BC06331E2ADEF8CC0046FE73 /* Cells */ = {
			isa = PBXGroup;
			children = (
				BC06331F2ADEF8D20046FE73 /* CountryCollectionCell.swift */,
			);
			path = Cells;
			sourceTree = "<group>";
		};
/* End PBXGroup section */

/* Begin PBXNativeTarget section */
		BC0632FC2ADED6C30046FE73 /* CountriesCollectionExampleApp */ = {
			isa = PBXNativeTarget;
			buildConfigurationList = BC0633112ADED6C40046FE73 /* Build configuration list for PBXNativeTarget "CountriesCollectionExampleApp" */;
			buildPhases = (
				BC0632F92ADED6C30046FE73 /* Sources */,
				BC0632FA2ADED6C30046FE73 /* Frameworks */,
				BC0632FB2ADED6C30046FE73 /* Resources */,
			);
			buildRules = (
			);
			dependencies = (
			);
			name = CountriesCollectionExampleApp;
			productName = CountriesCollectionExampleApp;
			productReference = BC0632FD2ADED6C30046FE73 /* CountriesCollectionExampleApp.app */;
			productType = "com.apple.product-type.application";
		};
/* End PBXNativeTarget section */

/* Begin PBXProject section */
		BC0632F52ADED6C30046FE73 /* Project object */ = {
			isa = PBXProject;
			attributes = {
				BuildIndependentTargetsInParallel = 1;
				LastSwiftUpdateCheck = 1500;
				LastUpgradeCheck = 1500;
				TargetAttributes = {
					BC0632FC2ADED6C30046FE73 = {
						CreatedOnToolsVersion = 15.0;
					};
				};
			};
			buildConfigurationList = BC0632F82ADED6C30046FE73 /* Build configuration list for PBXProject "CountriesCollectionExampleApp" */;
			compatibilityVersion = "Xcode 14.0";
			developmentRegion = en;
			hasScannedForEncodings = 0;
			knownRegions = (
				en,
				Base,
			);
			mainGroup = BC0632F42ADED6C30046FE73;
			productRefGroup = BC0632FE2ADED6C30046FE73 /* Products */;
			projectDirPath = "";
			projectRoot = "";
			targets = (
				BC0632FC2ADED6C30046FE73 /* CountriesCollectionExampleApp */,
			);
		};
/* End PBXProject section */

/* Begin PBXResourcesBuildPhase section */
		BC0632FB2ADED6C30046FE73 /* Resources */ = {
			isa = PBXResourcesBuildPhase;
			buildActionMask = 2147483647;
			files = (
				BC06330D2ADED6C40046FE73 /* LaunchScreen.storyboard in Resources */,
				BC06330A2ADED6C40046FE73 /* Assets.xcassets in Resources */,
			);
			runOnlyForDeploymentPostprocessing = 0;
		};
/* End PBXResourcesBuildPhase section */

/* Begin PBXSourcesBuildPhase section */
		BC0632F92ADED6C30046FE73 /* Sources */ = {
			isa = PBXSourcesBuildPhase;
			buildActionMask = 2147483647;
			files = (
				BC0633192ADEDA3C0046FE73 /* CountriesListViewModel.swift in Sources */,
				BC0633202ADEF8D20046FE73 /* CountryCollectionCell.swift in Sources */,
				BC0633162ADEDA2A0046FE73 /* Rubrique.swift in Sources */,
				BC0633052ADED6C30046FE73 /* CountriesListViewController.swift in Sources */,
				BC0633012ADED6C30046FE73 /* AppDelegate.swift in Sources */,
				BC0633032ADED6C30046FE73 /* SceneDelegate.swift in Sources */,
			);
			runOnlyForDeploymentPostprocessing = 0;
		};
/* End PBXSourcesBuildPhase section */

/* Begin PBXVariantGroup section */
		BC06330B2ADED6C40046FE73 /* LaunchScreen.storyboard */ = {
			isa = PBXVariantGroup;
			children = (
				BC06330C2ADED6C40046FE73 /* Base */,
			);
			name = LaunchScreen.storyboard;
			sourceTree = "<group>";
		};
/* End PBXVariantGroup section */

/* Begin XCBuildConfiguration section */
		BC06330F2ADED6C40046FE73 /* Debug */ = {
			isa = XCBuildConfiguration;
			buildSettings = {
				ALWAYS_SEARCH_USER_PATHS = NO;
				ASSETCATALOG_COMPILER_GENERATE_SWIFT_ASSET_SYMBOL_EXTENSIONS = YES;
				CLANG_ANALYZER_NONNULL = YES;
				CLANG_ANALYZER_NUMBER_OBJECT_CONVERSION = YES_AGGRESSIVE;
				CLANG_CXX_LANGUAGE_STANDARD = "gnu++20";
				CLANG_ENABLE_MODULES = YES;
				CLANG_ENABLE_OBJC_ARC = YES;
				CLANG_ENABLE_OBJC_WEAK = YES;
				CLANG_WARN_BLOCK_CAPTURE_AUTORELEASING = YES;
				CLANG_WARN_BOOL_CONVERSION = YES;
				CLANG_WARN_COMMA = YES;
				CLANG_WARN_CONSTANT_CONVERSION = YES;
				CLANG_WARN_DEPRECATED_OBJC_IMPLEMENTATIONS = YES;
				CLANG_WARN_DIRECT_OBJC_ISA_USAGE = YES_ERROR;
				CLANG_WARN_DOCUMENTATION_COMMENTS = YES;
				CLANG_WARN_EMPTY_BODY = YES;
				CLANG_WARN_ENUM_CONVERSION = YES;
				CLANG_WARN_INFINITE_RECURSION = YES;
				CLANG_WARN_INT_CONVERSION = YES;
				CLANG_WARN_NON_LITERAL_NULL_CONVERSION = YES;
				CLANG_WARN_OBJC_IMPLICIT_RETAIN_SELF = YES;
				CLANG_WARN_OBJC_LITERAL_CONVERSION = YES;
				CLANG_WARN_OBJC_ROOT_CLASS = YES_ERROR;
				CLANG_WARN_QUOTED_INCLUDE_IN_FRAMEWORK_HEADER = YES;
				CLANG_WARN_RANGE_LOOP_ANALYSIS = YES;
				CLANG_WARN_STRICT_PROTOTYPES = YES;
				CLANG_WARN_SUSPICIOUS_MOVE = YES;
				CLANG_WARN_UNGUARDED_AVAILABILITY = YES_AGGRESSIVE;
				CLANG_WARN_UNREACHABLE_CODE = YES;
				CLANG_WARN__DUPLICATE_METHOD_MATCH = YES;
				COPY_PHASE_STRIP = NO;
				DEBUG_INFORMATION_FORMAT = dwarf;
				ENABLE_STRICT_OBJC_MSGSEND = YES;
				ENABLE_TESTABILITY = YES;
				ENABLE_USER_SCRIPT_SANDBOXING = YES;
				GCC_C_LANGUAGE_STANDARD = gnu17;
				GCC_DYNAMIC_NO_PIC = NO;
				GCC_NO_COMMON_BLOCKS = YES;
				GCC_OPTIMIZATION_LEVEL = 0;
				GCC_PREPROCESSOR_DEFINITIONS = (
					"DEBUG=1",
					"$(inherited)",
				);
				GCC_WARN_64_TO_32_BIT_CONVERSION = YES;
				GCC_WARN_ABOUT_RETURN_TYPE = YES_ERROR;
				GCC_WARN_UNDECLARED_SELECTOR = YES;
				GCC_WARN_UNINITIALIZED_AUTOS = YES_AGGRESSIVE;
				GCC_WARN_UNUSED_FUNCTION = YES;
				GCC_WARN_UNUSED_VARIABLE = YES;
				IPHONEOS_DEPLOYMENT_TARGET = 17.0;
				LOCALIZATION_PREFERS_STRING_CATALOGS = YES;
				MTL_ENABLE_DEBUG_INFO = INCLUDE_SOURCE;
				MTL_FAST_MATH = YES;
				ONLY_ACTIVE_ARCH = YES;
				SDKROOT = iphoneos;
				SWIFT_ACTIVE_COMPILATION_CONDITIONS = "DEBUG $(inherited)";
				SWIFT_OPTIMIZATION_LEVEL = "-Onone";
			};
			name = Debug;
		};
		BC0633102ADED6C40046FE73 /* Release */ = {
			isa = XCBuildConfiguration;
			buildSettings = {
				ALWAYS_SEARCH_USER_PATHS = NO;
				ASSETCATALOG_COMPILER_GENERATE_SWIFT_ASSET_SYMBOL_EXTENSIONS = YES;
				CLANG_ANALYZER_NONNULL = YES;
				CLANG_ANALYZER_NUMBER_OBJECT_CONVERSION = YES_AGGRESSIVE;
				CLANG_CXX_LANGUAGE_STANDARD = "gnu++20";
				CLANG_ENABLE_MODULES = YES;
				CLANG_ENABLE_OBJC_ARC = YES;
				CLANG_ENABLE_OBJC_WEAK = YES;
				CLANG_WARN_BLOCK_CAPTURE_AUTORELEASING = YES;
				CLANG_WARN_BOOL_CONVERSION = YES;
				CLANG_WARN_COMMA = YES;
				CLANG_WARN_CONSTANT_CONVERSION = YES;
				CLANG_WARN_DEPRECATED_OBJC_IMPLEMENTATIONS = YES;
				CLANG_WARN_DIRECT_OBJC_ISA_USAGE = YES_ERROR;
				CLANG_WARN_DOCUMENTATION_COMMENTS = YES;
				CLANG_WARN_EMPTY_BODY = YES;
				CLANG_WARN_ENUM_CONVERSION = YES;
				CLANG_WARN_INFINITE_RECURSION = YES;
				CLANG_WARN_INT_CONVERSION = YES;
				CLANG_WARN_NON_LITERAL_NULL_CONVERSION = YES;
				CLANG_WARN_OBJC_IMPLICIT_RETAIN_SELF = YES;
				CLANG_WARN_OBJC_LITERAL_CONVERSION = YES;
				CLANG_WARN_OBJC_ROOT_CLASS = YES_ERROR;
				CLANG_WARN_QUOTED_INCLUDE_IN_FRAMEWORK_HEADER = YES;
				CLANG_WARN_RANGE_LOOP_ANALYSIS = YES;
				CLANG_WARN_STRICT_PROTOTYPES = YES;
				CLANG_WARN_SUSPICIOUS_MOVE = YES;
				CLANG_WARN_UNGUARDED_AVAILABILITY = YES_AGGRESSIVE;
				CLANG_WARN_UNREACHABLE_CODE = YES;
				CLANG_WARN__DUPLICATE_METHOD_MATCH = YES;
				COPY_PHASE_STRIP = NO;
				DEBUG_INFORMATION_FORMAT = "dwarf-with-dsym";
				ENABLE_NS_ASSERTIONS = NO;
				ENABLE_STRICT_OBJC_MSGSEND = YES;
				ENABLE_USER_SCRIPT_SANDBOXING = YES;
				GCC_C_LANGUAGE_STANDARD = gnu17;
				GCC_NO_COMMON_BLOCKS = YES;
				GCC_WARN_64_TO_32_BIT_CONVERSION = YES;
				GCC_WARN_ABOUT_RETURN_TYPE = YES_ERROR;
				GCC_WARN_UNDECLARED_SELECTOR = YES;
				GCC_WARN_UNINITIALIZED_AUTOS = YES_AGGRESSIVE;
				GCC_WARN_UNUSED_FUNCTION = YES;
				GCC_WARN_UNUSED_VARIABLE = YES;
				IPHONEOS_DEPLOYMENT_TARGET = 17.0;
				LOCALIZATION_PREFERS_STRING_CATALOGS = YES;
				MTL_ENABLE_DEBUG_INFO = NO;
				MTL_FAST_MATH = YES;
				SDKROOT = iphoneos;
				SWIFT_COMPILATION_MODE = wholemodule;
				VALIDATE_PRODUCT = YES;
			};
			name = Release;
		};
		BC0633122ADED6C40046FE73 /* Debug */ = {
			isa = XCBuildConfiguration;
			buildSettings = {
				ASSETCATALOG_COMPILER_APPICON_NAME = AppIcon;
				ASSETCATALOG_COMPILER_GLOBAL_ACCENT_COLOR_NAME = AccentColor;
				CODE_SIGN_STYLE = Automatic;
				CURRENT_PROJECT_VERSION = 1;
				DEVELOPMENT_TEAM = 9WW9Z623Y6;
				GENERATE_INFOPLIST_FILE = YES;
				INFOPLIST_FILE = CountriesCollectionExampleApp/Info.plist;
				INFOPLIST_KEY_UIApplicationSupportsIndirectInputEvents = YES;
				INFOPLIST_KEY_UILaunchStoryboardName = LaunchScreen;
				INFOPLIST_KEY_UISupportedInterfaceOrientations = UIInterfaceOrientationPortrait;
				IPHONEOS_DEPLOYMENT_TARGET = 15.0;
				LD_RUNPATH_SEARCH_PATHS = (
					"$(inherited)",
					"@executable_path/Frameworks",
				);
				MARKETING_VERSION = 1.0;
				PRODUCT_BUNDLE_IDENTIFIER = com.denys.test.uicollectionview.example.CountriesCollectionExampleApp;
				PRODUCT_NAME = "$(TARGET_NAME)";
				SWIFT_EMIT_LOC_STRINGS = YES;
				SWIFT_VERSION = 5.0;
				TARGETED_DEVICE_FAMILY = "1,2";
			};
			name = Debug;
		};
		BC0633132ADED6C40046FE73 /* Release */ = {
			isa = XCBuildConfiguration;
			buildSettings = {
				ASSETCATALOG_COMPILER_APPICON_NAME = AppIcon;
				ASSETCATALOG_COMPILER_GLOBAL_ACCENT_COLOR_NAME = AccentColor;
				CODE_SIGN_STYLE = Automatic;
				CURRENT_PROJECT_VERSION = 1;
				DEVELOPMENT_TEAM = 9WW9Z623Y6;
				GENERATE_INFOPLIST_FILE = YES;
				INFOPLIST_FILE = CountriesCollectionExampleApp/Info.plist;
				INFOPLIST_KEY_UIApplicationSupportsIndirectInputEvents = YES;
				INFOPLIST_KEY_UILaunchStoryboardName = LaunchScreen;
				INFOPLIST_KEY_UISupportedInterfaceOrientations = UIInterfaceOrientationPortrait;
				IPHONEOS_DEPLOYMENT_TARGET = 15.0;
				LD_RUNPATH_SEARCH_PATHS = (
					"$(inherited)",
					"@executable_path/Frameworks",
				);
				MARKETING_VERSION = 1.0;
				PRODUCT_BUNDLE_IDENTIFIER = com.denys.test.uicollectionview.example.CountriesCollectionExampleApp;
				PRODUCT_NAME = "$(TARGET_NAME)";
				SWIFT_EMIT_LOC_STRINGS = YES;
				SWIFT_VERSION = 5.0;
				TARGETED_DEVICE_FAMILY = "1,2";
			};
			name = Release;
		};
/* End XCBuildConfiguration section */

/* Begin XCConfigurationList section */
		BC0632F82ADED6C30046FE73 /* Build configuration list for PBXProject "CountriesCollectionExampleApp" */ = {
			isa = XCConfigurationList;
			buildConfigurations = (
				BC06330F2ADED6C40046FE73 /* Debug */,
				BC0633102ADED6C40046FE73 /* Release */,
			);
			defaultConfigurationIsVisible = 0;
			defaultConfigurationName = Release;
		};
		BC0633112ADED6C40046FE73 /* Build configuration list for PBXNativeTarget "CountriesCollectionExampleApp" */ = {
			isa = XCConfigurationList;
			buildConfigurations = (
				BC0633122ADED6C40046FE73 /* Debug */,
				BC0633132ADED6C40046FE73 /* Release */,
			);
			defaultConfigurationIsVisible = 0;
			defaultConfigurationName = Release;
		};
/* End XCConfigurationList section */
	};
	rootObject = BC0632F52ADED6C30046FE73 /* Project object */;
}
